
Microsoft Visual Studio Solution File, Format Version 12.00
# Visual Studio 15
VisualStudioVersion = 15.0.27703.2026
MinimumVisualStudioVersion = 10.0.40219.1
Project("{FAE04EC0-301F-11D3-BF4B-00C04F79EFBC}") = "Calculator", "Calculator\Calculator.csproj", "{5066C486-82EF-4951-81B3-10C23FD07120}"
EndProject
Global
	GlobalSection(SolutionConfigurationPlatforms) = preSolution
		Debug|Any CPU = Debug|Any CPU
		Release|Any CPU = Release|Any CPU
	EndGlobalSection
	GlobalSection(ProjectConfigurationPlatforms) = postSolution
		{5066C486-82EF-4951-81B3-10C23FD07120}.Debug|Any CPU.ActiveCfg = Debug|Any CPU
		{5066C486-82EF-4951-81B3-10C23FD07120}.Debug|Any CPU.Build.0 = Debug|Any CPU
		{5066C486-82EF-4951-81B3-10C23FD07120}.Release|Any CPU.ActiveCfg = Release|Any CPU
		{5066C486-82EF-4951-81B3-10C23FD07120}.Release|Any CPU.Build.0 = Release|Any CPU
	EndGlobalSection
	GlobalSection(SolutionProperties) = preSolution
		HideSolutionNode = FALSE
	EndGlobalSection
	GlobalSection(ExtensibilityGlobals) = postSolution
		SolutionGuid = {7AE0D4AB-90D7-40FC-BC78-EE36054FC193}
	EndGlobalSection
EndGlobal
